{
  "lockfile_version": "1",
  "packages": {
    "jq@latest": {
      "last_modified": "2024-12-13T21:43:23Z",
      "resolved": "github:NixOS/nixpkgs/71a6392e367b08525ee710a93af2e80083b5b3e2#jq",
      "source": "devbox-search",
      "version": "1.7.1",
      "systems": {
        "aarch64-darwin": {
          "outputs": [
            {
              "name": "bin",
              "path": "/nix/store/b56m1ay45s4cr6vm45adrggrvpmjjsp4-jq-1.7.1-bin",
              "default": true
            },
            {
              "name": "man",
              "path": "/nix/store/5ryk2ni2xlcixn4v8l6dsvkad80x39v3-jq-1.7.1-man",
              "default": true
            },
            {
              "name": "out",
              "path": "/nix/store/nk4i71ixqgmagx33qjcckc9jh27kid0k-jq-1.7.1"
            },
            {
              "name": "dev",
              "path": "/nix/store/3mi4fp133srdkykfs7fzykcmlr86by8h-jq-1.7.1-dev"
            },
            {
              "name": "doc",
              "path": "/nix/store/l46simik7b0jfaihmlciy3aw3mrwl345-jq-1.7.1-doc"
            }
          ],
          "store_path": "/nix/store/b56m1ay45s4cr6vm45adrggrvpmjjsp4-jq-1.7.1-bin"
        },
        "aarch64-linux": {
          "outputs": [
            {
              "name": "bin",
              "path": "/nix/store/ll6yy6za1ww1v0v5imbsvbx397g43jx6-jq-1.7.1-bin",
              "default": true
            },
            {
              "name": "man",
              "path": "/nix/store/i0ff50yiv4yb3brv7j5akv10kj72ya31-jq-1.7.1-man",
              "default": true
            },
            {
              "name": "doc",
              "path": "/nix/store/63l62pqpm8fwx5z013h13qv7rgvvqfq3-jq-1.7.1-doc"
            },
            {
              "name": "out",
              "path": "/nix/store/ni8qfc6xr4y57s0hy5fr6z5r8jgpnfr6-jq-1.7.1"
            },
            {
              "name": "dev",
              "path": "/nix/store/w13dlgviym4x5dxcy5zqc7pv93bck54r-jq-1.7.1-dev"
            }
          ],
          "store_path": "/nix/store/ll6yy6za1ww1v0v5imbsvbx397g43jx6-jq-1.7.1-bin"
        },
        "x86_64-darwin": {
          "outputs": [
            {
              "name": "bin",
              "path": "/nix/store/8rdhdw3r1rd8y37d48jgwijidcl50gg2-jq-1.7.1-bin",
              "default": true
            },
            {
              "name": "man",
              "path": "/nix/store/rqys68hbpivi2lh957vlqhvfh1kgn7m5-jq-1.7.1-man",
              "default": true
            },
            {
              "name": "out",
              "path": "/nix/store/mbdayyhb7dacdkmzmgpn59w7ixn1xrll-jq-1.7.1"
            },
            {
              "name": "dev",
              "path": "/nix/store/p2vl1zcy4fbh80b93yvz10bf5q9dkizb-jq-1.7.1-dev"
            },
            {
              "name": "doc",
              "path": "/nix/store/4sb0aa0m7dvi937ar2cwmfjdfsdg00ac-jq-1.7.1-doc"
            }
          ],
          "store_path": "/nix/store/8rdhdw3r1rd8y37d48jgwijidcl50gg2-jq-1.7.1-bin"
        },
        "x86_64-linux": {
          "outputs": [
            {
              "name": "bin",
              "path": "/nix/store/iha35mp2hjhc77bkg6mf2zr2gyi6d05s-jq-1.7.1-bin",
              "default": true
            },
            {
              "name": "man",
              "path": "/nix/store/1xzf6jrwf262r1kmvi8p9c9dppmbsa4b-jq-1.7.1-man",
              "default": true
            },
            {
              "name": "dev",
              "path": "/nix/store/0fz2g21myjg0jhq84mgfrrnvvkrr753x-jq-1.7.1-dev"
            },
            {
              "name": "doc",
              "path": "/nix/store/va16xnx1712ddqi5k6q0syhyszdhnlks-jq-1.7.1-doc"
            },
            {
              "name": "out",
              "path": "/nix/store/9m335lnyl5ldfzh0r92fdl3nf1l4xbj6-jq-1.7.1"
            }
          ],
          "store_path": "/nix/store/iha35mp2hjhc77bkg6mf2zr2gyi6d05s-jq-1.7.1-bin"
        }
      }
    },
    "nodejs@18": {
      "last_modified": "2024-12-03T12:40:06Z",
      "plugin_version": "0.0.2",
      "resolved": "github:NixOS/nixpkgs/566e53c2ad750c84f6d31f9ccb9d00f823165550#nodejs_18",
      "source": "devbox-search",
      "version": "18.20.5",
      "systems": {
        "aarch64-darwin": {
          "outputs": [
            {
              "name": "out",
              "path": "/nix/store/6dlw5588gs7whckfx2l0iyd8xi4gklq6-nodejs-18.20.5",
              "default": true
            },
            {
              "name": "libv8",
              "path": "/nix/store/a40q0j0m27m1dxy9i94accm5zaknpx2k-nodejs-18.20.5-libv8"
            }
          ],
          "store_path": "/nix/store/6dlw5588gs7whckfx2l0iyd8xi4gklq6-nodejs-18.20.5"
        },
        "aarch64-linux": {
          "outputs": [
            {
              "name": "out",
              "path": "/nix/store/x07wndwyr9f6xhk6rk7iq5rn2qbw4d3y-nodejs-18.20.5",
              "default": true
            },
            {
              "name": "libv8",
              "path": "/nix/store/1plafrvq3c9vhdwilizkfl1wff0n5n6h-nodejs-18.20.5-libv8"
            }
          ],
          "store_path": "/nix/store/x07wndwyr9f6xhk6rk7iq5rn2qbw4d3y-nodejs-18.20.5"
        },
        "x86_64-darwin": {
          "outputs": [
            {
              "name": "out",
              "path": "/nix/store/211dnaznay3942xf2gykgshcflcsr4f8-nodejs-18.20.5",
              "default": true
            },
            {
              "name": "libv8",
              "path": "/nix/store/cc6k5wryplskfs7bbmcnzwvv2c3nh219-nodejs-18.20.5-libv8"
            }
          ],
          "store_path": "/nix/store/211dnaznay3942xf2gykgshcflcsr4f8-nodejs-18.20.5"
        },
        "x86_64-linux": {
          "outputs": [
            {
              "name": "out",
              "path": "/nix/store/nmmgwk1a0cakhmhwgf1v2b5ws3zf899h-nodejs-18.20.5",
              "default": true
            },
            {
              "name": "libv8",
              "path": "/nix/store/3kp2j4w0k9cb7r29wq2iv8kyp7hw1dqs-nodejs-18.20.5-libv8"
            }
          ],
          "store_path": "/nix/store/nmmgwk1a0cakhmhwgf1v2b5ws3zf899h-nodejs-18.20.5"
        }
      }
    }
  }
}
